
Microsoft Visual Studio Solution File, Format Version 12.00
# Visual Studio 15
VisualStudioVersion = 15.0.27428.2011
MinimumVisualStudioVersion = 10.0.40219.1
Project("{9A19103F-16F7-4668-BE54-9A1E7A4F7556}") = "core-api", "core-api\core-api.csproj", "{A5B49705-1B05-4439-BD5A-DFF2D8D86BF8}"
EndProject
Project("{FAE04EC0-301F-11D3-BF4B-00C04F79EFBC}") = "core.api.mediar", "core.api.mediar\core.api.mediar.csproj", "{74B9195F-6777-417A-BE03-92B1BDBD50F4}"
EndProject
Global
	GlobalSection(SolutionConfigurationPlatforms) = preSolution
		Debug|Any CPU = Debug|Any CPU
		Release|Any CPU = Release|Any CPU
	EndGlobalSection
	GlobalSection(ProjectConfigurationPlatforms) = postSolution
		{A5B49705-1B05-4439-BD5A-DFF2D8D86BF8}.Debug|Any CPU.ActiveCfg = Debug|Any CPU
		{A5B49705-1B05-4439-BD5A-DFF2D8D86BF8}.Debug|Any CPU.Build.0 = Debug|Any CPU
		{A5B49705-1B05-4439-BD5A-DFF2D8D86BF8}.Release|Any CPU.ActiveCfg = Release|Any CPU
		{A5B49705-1B05-4439-BD5A-DFF2D8D86BF8}.Release|Any CPU.Build.0 = Release|Any CPU
		{74B9195F-6777-417A-BE03-92B1BDBD50F4}.Debug|Any CPU.ActiveCfg = Debug|Any CPU
		{74B9195F-6777-417A-BE03-92B1BDBD50F4}.Debug|Any CPU.Build.0 = Debug|Any CPU
		{74B9195F-6777-417A-BE03-92B1BDBD50F4}.Release|Any CPU.ActiveCfg = Release|Any CPU
		{74B9195F-6777-417A-BE03-92B1BDBD50F4}.Release|Any CPU.Build.0 = Release|Any CPU
	EndGlobalSection
	GlobalSection(SolutionProperties) = preSolution
		HideSolutionNode = FALSE
	EndGlobalSection
	GlobalSection(ExtensibilityGlobals) = postSolution
		SolutionGuid = {A9E25A57-155E-4244-8161-AE7A0D9AD51F}
	EndGlobalSection
EndGlobal
